<?xml version="1.0" encoding="utf-8"?>
<Project ToolsVersion="4.0" xmlns="http://schemas.microsoft.com/developer/msbuild/2003">
  <ItemGroup>
    <Filter Include="Source Files">
      <UniqueIdentifier>{4FC737F1-C7A5-4376-A066-2A32D752A2FF}</UniqueIdentifier>
      <Extensions>cpp;c;cc;cxx;c++;cppm;ixx;def;odl;idl;hpj;bat;asm;asmx</Extensions>
    </Filter>
    <Filter Include="Header Files">
      <UniqueIdentifier>{93995380-89BD-4b04-88EB-625FBE52EBFB}</UniqueIdentifier>
      <Extensions>h;hh;hpp;hxx;h++;hm;inl;inc;ipp;xsd</Extensions>
    </Filter>
    <Filter Include="Resource Files">
      <UniqueIdentifier>{67DA6AB6-F800-4c08-8B7A-83BB121AAD01}</UniqueIdentifier>
      <Extensions>rc;ico;cur;bmp;dlg;rc2;rct;bin;rgs;gif;jpg;jpeg;jpe;resx;tiff;tif;png;wav;mfcribbon-ms</Extensions>
    </Filter>
  </ItemGroup>
  <ItemGroup>
    <ClCompile Include="zero-mem\main.cpp">
      <Filter>Source Files</Filter>
    </ClCompile>
    <ClCompile Include="zero-mem\renderer\directx\directX11.cpp">
      <Filter>Source Files</Filter>
    </ClCompile>
    <ClCompile Include="zero-mem\utils\console.cpp">
      <Filter>Source Files</Filter>
    </ClCompile>
    <ClCompile Include="zero-mem\utils\resource_loader.cpp">
      <Filter>Source Files</Filter>
    </ClCompile>
    <ClCompile Include="zero-mem\libs\imgui\imgui.cpp">
      <Filter>Source Files</Filter>
    </ClCompile>
    <ClCompile Include="zero-mem\libs\imgui\imgui_demo.cpp">
      <Filter>Source Files</Filter>
    </ClCompile>
    <ClCompile Include="zero-mem\libs\imgui\imgui_draw.cpp">
      <Filter>Source Files</Filter>
    </ClCompile>
    <ClCompile Include="zero-mem\libs\imgui\imgui_impl_dx11.cpp">
      <Filter>Source Files</Filter>
    </ClCompile>
    <ClCompile Include="zero-mem\libs\imgui\imgui_impl_win32.cpp">
      <Filter>Source Files</Filter>
    </ClCompile>
    <ClCompile Include="zero-mem\libs\imgui\imgui_tables.cpp">
      <Filter>Source Files</Filter>
    </ClCompile>
    <ClCompile Include="zero-mem\libs\imgui\imgui_widgets.cpp">
      <Filter>Source Files</Filter>
    </ClCompile>
    <ClCompile Include="zero-mem\sdk\sdk.cpp">
      <Filter>Source Files</Filter>
    </ClCompile>
    <ClCompile Include="zero-mem\utils\functions.cpp">
      <Filter>Source Files</Filter>
    </ClCompile>
    <ClCompile Include="zero-mem\utils\draw.cpp">
      <Filter>Source Files</Filter>
    </ClCompile>
    <ClCompile Include="zero-mem\sdk\maths\maths.cpp">
      <Filter>Source Files</Filter>
    </ClCompile>
    <ClCompile Include="zero-mem\sdk\CWeapon.cpp">
      <Filter>Source Files</Filter>
    </ClCompile>
    <ClCompile Include="zero-mem\gui\animation.cpp">
      <Filter>Source Files</Filter>
    </ClCompile>
    <ClCompile Include="zero-mem\sdk\CEntities.cpp">
      <Filter>Source Files</Filter>
    </ClCompile>
    <ClCompile Include="zero-mem\sdk\CBone.cpp">
      <Filter>Source Files</Filter>
    </ClCompile>
    <ClCompile Include="zero-mem\sdk\CBaseEntity.cpp">
      <Filter>Source Files</Filter>
    </ClCompile>
    <ClCompile Include="zero-mem\utils\mouse.cpp">
      <Filter>Source Files</Filter>
    </ClCompile>
    <ClCompile Include="zero-mem\gui\settings_manager.cpp">
      <Filter>Source Files</Filter>
    </ClCompile>
    <ClCompile Include="zero-mem\cheats\Esp.cpp">
      <Filter>Source Files</Filter>
    </ClCompile>
    <ClCompile Include="zero-mem\cheats\Aimbot.cpp">
      <Filter>Source Files</Filter>
    </ClCompile>
    <ClCompile Include="zero-mem\cheats\Triggerbot.cpp">
      <Filter>Source Files</Filter>
    </ClCompile>
    <ClCompile Include="zero-mem\cheats\SRCS.cpp">
      <Filter>Source Files</Filter>
    </ClCompile>
    <ClCompile Include="zero-mem\cheats\Autofire.cpp">
      <Filter>Source Files</Filter>
    </ClCompile>
    <ClCompile Include="zero-mem\cheats\Memory.cpp">
      <Filter>Source Files</Filter>
    </ClCompile>
    <ClCompile Include="zero-mem\sdk\defs.cpp">
      <Filter>Source Files</Filter>
    </ClCompile>
  </ItemGroup>
  <ItemGroup>
    <ClInclude Include="Globals\offsets.h">
      <Filter>Header Files</Filter>
    </ClInclude>
    <ClInclude Include="SDK\Player.h">
      <Filter>Header Files</Filter>
    </ClInclude>
    <ClInclude Include="SDK\Game.h">
      <Filter>Header Files</Filter>
    </ClInclude>
    <ClInclude Include="Globals\imports.h">
      <Filter>Header Files</Filter>
    </ClInclude>
    <ClInclude Include="zero-mem\globals\imports.h">
      <Filter>Header Files</Filter>
    </ClInclude>
    <ClInclude Include="zero-mem\globals\offsets.h">
      <Filter>Header Files</Filter>
    </ClInclude>
    <ClInclude Include="zero-mem\sdk\CGame.h">
      <Filter>Header Files</Filter>
    </ClInclude>
    <ClInclude Include="zero-mem\sdk\CLocalPlayer.h">
      <Filter>Header Files</Filter>
    </ClInclude>
    <ClInclude Include="zero-mem\renderer\directx\directX11.h">
      <Filter>Header Files</Filter>
    </ClInclude>
    <ClInclude Include="zero-mem\globals\defs.h">
      <Filter>Header Files</Filter>
    </ClInclude>
    <ClInclude Include="zero-mem\main.h">
      <Filter>Header Files</Filter>
    </ClInclude>
    <ClInclude Include="zero-mem\libs\my_libs\ini.h">
      <Filter>Header Files</Filter>
    </ClInclude>
    <ClInclude Include="zero-mem\utils\console.h">
      <Filter>Header Files</Filter>
    </ClInclude>
    <ClInclude Include="zero-mem\utils\memory.h">
      <Filter>Header Files</Filter>
    </ClInclude>
    <ClInclude Include="zero-mem\utils\process.h">
      <Filter>Header Files</Filter>
    </ClInclude>
    <ClInclude Include="zero-mem\utils\resource_loader.h">
      <Filter>Header Files</Filter>
    </ClInclude>
    <ClInclude Include="zero-mem\libs\imgui\imconfig.h">
      <Filter>Header Files</Filter>
    </ClInclude>
    <ClInclude Include="zero-mem\libs\imgui\imgui.h">
      <Filter>Header Files</Filter>
    </ClInclude>
    <ClInclude Include="zero-mem\libs\imgui\imgui_impl_dx11.h">
      <Filter>Header Files</Filter>
    </ClInclude>
    <ClInclude Include="zero-mem\libs\imgui\imgui_impl_win32.h">
      <Filter>Header Files</Filter>
    </ClInclude>
    <ClInclude Include="zero-mem\libs\imgui\imgui_internal.h">
      <Filter>Header Files</Filter>
    </ClInclude>
    <ClInclude Include="zero-mem\libs\imgui\imstb_rectpack.h">
      <Filter>Header Files</Filter>
    </ClInclude>
    <ClInclude Include="zero-mem\libs\imgui\imstb_textedit.h">
      <Filter>Header Files</Filter>
    </ClInclude>
    <ClInclude Include="zero-mem\libs\imgui\imstb_truetype.h">
      <Filter>Header Files</Filter>
    </ClInclude>
    <ClInclude Include="zero-mem\sdk\sdk.h">
      <Filter>Header Files</Filter>
    </ClInclude>
    <ClInclude Include="zero-mem\sdk\maths\vector.h">
      <Filter>Header Files</Filter>
    </ClInclude>
    <ClInclude Include="zero-mem\sdk\maths\matrix.h">
      <Filter>Header Files</Filter>
    </ClInclude>
    <ClInclude Include="zero-mem\cheats\Esp.h">
      <Filter>Header Files</Filter>
    </ClInclude>
    <ClInclude Include="zero-mem\utils\functions.h">
      <Filter>Header Files</Filter>
    </ClInclude>
    <ClInclude Include="zero-mem\utils\draw.h">
      <Filter>Header Files</Filter>
    </ClInclude>
    <ClInclude Include="zero-mem\sdk\CBone.h">
      <Filter>Header Files</Filter>
    </ClInclude>
    <ClInclude Include="zero-mem\sdk\maths\maths.h">
      <Filter>Header Files</Filter>
    </ClInclude>
    <ClInclude Include="zero-mem\sdk\CBaseEntity.h">
      <Filter>Header Files</Filter>
    </ClInclude>
    <ClInclude Include="zero-mem\globals\utils.h">
      <Filter>Header Files</Filter>
    </ClInclude>
    <ClInclude Include="zero-mem\sdk\CEntities.h">
      <Filter>Header Files</Filter>
    </ClInclude>
    <ClInclude Include="zero-mem\sdk\CWeapon.h">
      <Filter>Header Files</Filter>
    </ClInclude>
    <ClInclude Include="zero-mem\gui\menu.h">
      <Filter>Header Files</Filter>
    </ClInclude>
    <ClInclude Include="zero-mem\bytes\obs_icon_font_bytes.h">
      <Filter>Header Files</Filter>
    </ClInclude>
    <ClInclude Include="zero-mem\bytes\font_awesome_icons.h">
      <Filter>Header Files</Filter>
    </ClInclude>
    <ClInclude Include="zero-mem\bytes\font_awesome_bytes.h">
      <Filter>Header Files</Filter>
    </ClInclude>
    <ClInclude Include="zero-mem\gui\animation.h">
      <Filter>Header Files</Filter>
    </ClInclude>
    <ClInclude Include="zero-mem\cheats\Misc.h">
      <Filter>Header Files</Filter>
    </ClInclude>
    <ClInclude Include="zero-mem\gui\custom.h">
      <Filter>Header Files</Filter>
    </ClInclude>
    <ClInclude Include="zero-mem\globals\_flags.h">
      <Filter>Header Files</Filter>
    </ClInclude>
    <ClInclude Include="zero-mem\KDZero\kmemory.h">
      <Filter>Header Files</Filter>
    </ClInclude>
    <ClInclude Include="zero-mem\KDZero\kprocess.h">
      <Filter>Header Files</Filter>
    </ClInclude>
    <ClInclude Include="zero-mem\KDZero\kdzero_kernel.h">
      <Filter>Header Files</Filter>
    </ClInclude>
    <ClInclude Include="zero-mem\utils\mouse.h">
      <Filter>Header Files</Filter>
    </ClInclude>
    <ClInclude Include="zero-mem\utils\keys.h">
      <Filter>Header Files</Filter>
    </ClInclude>
    <ClInclude Include="zero-mem\utils\updater.h">
      <Filter>Header Files</Filter>
    </ClInclude>
    <ClInclude Include="zero-mem\libs\json.hpp">
      <Filter>Header Files</Filter>
    </ClInclude>
    <ClInclude Include="zero-mem\cheats\_config.h">
      <Filter>Header Files</Filter>
    </ClInclude>
    <ClInclude Include="zero-mem\gui\settings_manager.h">
      <Filter>Header Files</Filter>
    </ClInclude>
    <ClInclude Include="zero-mem\cheats\Hitservice.h">
      <Filter>Header Files</Filter>
    </ClInclude>
    <ClInclude Include="zero-mem\cheats\Memory.h">
      <Filter>Header Files</Filter>
    </ClInclude>
    <ClInclude Include="zero-mem\libs\xorstr.h">
      <Filter>Header Files</Filter>
    </ClInclude>
    <ClInclude Include="zero-mem\libs\keyauth.cc\auth.hpp">
      <Filter>Header Files</Filter>
    </ClInclude>
    <ClInclude Include="zero-mem\libs\keyauth.cc\skStr.h">
      <Filter>Header Files</Filter>
    </ClInclude>
    <ClInclude Include="zero-mem\libs\keyauth.cc\utils.hpp">
      <Filter>Header Files</Filter>
    </ClInclude>
    <ClInclude Include="zero-mem\key_auth_system.h">
      <Filter>Header Files</Filter>
    </ClInclude>
    <ClInclude Include="zero-mem\bytes\noskill.cc_logo_bytes.h">
      <Filter>Header Files</Filter>
    </ClInclude>
    <ClInclude Include="zero-mem\gui\form.h">
      <Filter>Header Files</Filter>
    </ClInclude>
    <ClInclude Include="zero-mem\libs\lazy.h">
      <Filter>Header Files</Filter>
    </ClInclude>
    <ClInclude Include="zero-mem\cheats\Aimbot.h">
      <Filter>Header Files</Filter>
    </ClInclude>
    <ClInclude Include="zero-mem\cheats\Triggerbot.h">
      <Filter>Header Files</Filter>
    </ClInclude>
    <ClInclude Include="zero-mem\cheats\SRCS.h">
      <Filter>Header Files</Filter>
    </ClInclude>
    <ClInclude Include="zero-mem\cheats\Autofire.h">
      <Filter>Header Files</Filter>
    </ClInclude>
    <ClInclude Include="zero-mem\cheats\_import.h">
      <Filter>Header Files</Filter>
    </ClInclude>
    <ClInclude Include="zero-mem\sdk\defs.h">
      <Filter>Header Files</Filter>
    </ClInclude>
  </ItemGroup>
  <ItemGroup>
    <Font Include="bin\fonts\obs_icons.ttf" />
    <Font Include="bin\fonts\notosans-bold.ttf" />
  </ItemGroup>
  <ItemGroup>
    <Image Include="bin\logo.png">
      <Filter>Resource Files</Filter>
    </Image>
    <Image Include="bin\images\skins\Fish-Stick.jpg">
      <Filter>Resource Files</Filter>
    </Image>
  </ItemGroup>
</Project>